// !$*UTF8*$!
{
	archiveVersion = 1;
	classes = {
	};
	objectVersion = 50;
	objects = {

/* Begin PBXBuildFile section */
		7F29D3A72337E37900E3C9D6 /* AppDelegate.swift in Sources */ = {isa = PBXBuildFile; fileRef = 7F29D3A62337E37900E3C9D6 /* AppDelegate.swift */; };
		7F29D3AC2337E37900E3C9D6 /* Main.storyboard in Resources */ = {isa = PBXBuildFile; fileRef = 7F29D3AA2337E37900E3C9D6 /* Main.storyboard */; };
		7F29D3AE2337E37900E3C9D6 /* Assets.xcassets in Resources */ = {isa = PBXBuildFile; fileRef = 7F29D3AD2337E37900E3C9D6 /* Assets.xcassets */; };
		7F29D3B12337E37900E3C9D6 /* LaunchScreen.storyboard in Resources */ = {isa = PBXBuildFile; fileRef = 7F29D3AF2337E37900E3C9D6 /* LaunchScreen.storyboard */; };
		7F29D3B92337E63100E3C9D6 /* FoodVC.swift in Sources */ = {isa = PBXBuildFile; fileRef = 7F29D3B82337E63100E3C9D6 /* FoodVC.swift */; };
		7F29D3BB2337E63F00E3C9D6 /* DrinkVC.swift in Sources */ = {isa = PBXBuildFile; fileRef = 7F29D3BA2337E63F00E3C9D6 /* DrinkVC.swift */; };
/* End PBXBuildFile section */

/* Begin PBXFileReference section */
		7F29D3A32337E37900E3C9D6 /* UnwindSegueLearning.app */ = {isa = PBXFileReference; explicitFileType = wrapper.application; includeInIndex = 0; path = UnwindSegueLearning.app; sourceTree = BUILT_PRODUCTS_DIR; };
		7F29D3A62337E37900E3C9D6 /* AppDelegate.swift */ = {isa = PBXFileReference; lastKnownFileType = sourcecode.swift; path = AppDelegate.swift; sourceTree = "<group>"; };
		7F29D3AB2337E37900E3C9D6 /* Base */ = {isa = PBXFileReference; lastKnownFileType = file.storyboard; name = Base; path = Base.lproj/Main.storyboard; sourceTree = "<group>"; };
		7F29D3AD2337E37900E3C9D6 /* Assets.xcassets */ = {isa = PBXFileReference; lastKnownFileType = folder.assetcatalog; path = Assets.xcassets; sourceTree = "<group>"; };
		7F29D3B02337E37900E3C9D6 /* Base */ = {isa = PBXFileReference; lastKnownFileType = file.storyboard; name = Base; path = Base.lproj/LaunchScreen.storyboard; sourceTree = "<group>"; };
		7F29D3B22337E37900E3C9D6 /* Info.plist */ = {isa = PBXFileReference; lastKnownFileType = text.plist.xml; path = Info.plist; sourceTree = "<group>"; };
		7F29D3B82337E63100E3C9D6 /* FoodVC.swift */ = {isa = PBXFileReference; lastKnownFileType = sourcecode.swift; path = FoodVC.swift; sourceTree = "<group>"; };
		7F29D3BA2337E63F00E3C9D6 /* DrinkVC.swift */ = {isa = PBXFileReference; lastKnownFileType = sourcecode.swift; path = DrinkVC.swift; sourceTree = "<group>"; };
/* End PBXFileReference section */

/* Begin PBXFrameworksBuildPhase section */
		7F29D3A02337E37900E3C9D6 /* Frameworks */ = {
			isa = PBXFrameworksBuildPhase;
			buildActionMask = 2147483647;
			files = (
			);
			runOnlyForDeploymentPostprocessing = 0;
		};
/* End PBXFrameworksBuildPhase section */

/* Begin PBXGroup section */
		7F29D39A2337E37900E3C9D6 = {
			isa = PBXGroup;
			children = (
				7F29D3A52337E37900E3C9D6 /* UnwindSegueLearning */,
				7F29D3A42337E37900E3C9D6 /* Products */,
			);
			sourceTree = "<group>";
		};
		7F29D3A42337E37900E3C9D6 /* Products */ = {
			isa = PBXGroup;
			children = (
				7F29D3A32337E37900E3C9D6 /* UnwindSegueLearning.app */,
			);
			name = Products;
			sourceTree = "<group>";
		};
		7F29D3A52337E37900E3C9D6 /* UnwindSegueLearning */ = {
			isa = PBXGroup;
			children = (
				7F29D3A62337E37900E3C9D6 /* AppDelegate.swift */,
				7F29D3B82337E63100E3C9D6 /* FoodVC.swift */,
				7F29D3BA2337E63F00E3C9D6 /* DrinkVC.swift */,
				7F29D3AA2337E37900E3C9D6 /* Main.storyboard */,
				7F29D3AD2337E37900E3C9D6 /* Assets.xcassets */,
				7F29D3AF2337E37900E3C9D6 /* LaunchScreen.storyboard */,
				7F29D3B22337E37900E3C9D6 /* Info.plist */,
			);
			path = UnwindSegueLearning;
			sourceTree = "<group>";
		};
/* End PBXGroup section */

/* Begin PBXNativeTarget section */
		7F29D3A22337E37900E3C9D6 /* UnwindSegueLearning */ = {
			isa = PBXNativeTarget;
			buildConfigurationList = 7F29D3B52337E37900E3C9D6 /* Build configuration list for PBXNativeTarget "UnwindSegueLearning" */;
			buildPhases = (
				7F29D39F2337E37900E3C9D6 /* Sources */,
				7F29D3A02337E37900E3C9D6 /* Frameworks */,
				7F29D3A12337E37900E3C9D6 /* Resources */,
			);
			buildRules = (
			);
			dependencies = (
			);
			name = UnwindSegueLearning;
			productName = UnwindSegueLearning;
			productReference = 7F29D3A32337E37900E3C9D6 /* UnwindSegueLearning.app */;
			productType = "com.apple.product-type.application";
		};
/* End PBXNativeTarget section */

/* Begin PBXProject section */
		7F29D39B2337E37900E3C9D6 /* Project object */ = {
			isa = PBXProject;
			attributes = {
				LastSwiftUpdateCheck = 1030;
				LastUpgradeCheck = 1030;
				ORGANIZATIONNAME = ArnoldTjiawi;
				TargetAttributes = {
					7F29D3A22337E37900E3C9D6 = {
						CreatedOnToolsVersion = 10.3;
					};
				};
			};
			buildConfigurationList = 7F29D39E2337E37900E3C9D6 /* Build configuration list for PBXProject "UnwindSegueLearning" */;
			compatibilityVersion = "Xcode 9.3";
			developmentRegion = en;
			hasScannedForEncodings = 0;
			knownRegions = (
				en,
				Base,
			);
			mainGroup = 7F29D39A2337E37900E3C9D6;
			productRefGroup = 7F29D3A42337E37900E3C9D6 /* Products */;
			projectDirPath = "";
			projectRoot = "";
			targets = (
				7F29D3A22337E37900E3C9D6 /* UnwindSegueLearning */,
			);
		};
/* End PBXProject section */

/* Begin PBXResourcesBuildPhase section */
		7F29D3A12337E37900E3C9D6 /* Resources */ = {
			isa = PBXResourcesBuildPhase;
			buildActionMask = 2147483647;
			files = (
				7F29D3B12337E37900E3C9D6 /* LaunchScreen.storyboard in Resources */,
				7F29D3AE2337E37900E3C9D6 /* Assets.xcassets in Resources */,
				7F29D3AC2337E37900E3C9D6 /* Main.storyboard in Resources */,
			);
			runOnlyForDeploymentPostprocessing = 0;
		};
/* End PBXResourcesBuildPhase section */

/* Begin PBXSourcesBuildPhase section */
		7F29D39F2337E37900E3C9D6 /* Sources */ = {
			isa = PBXSourcesBuildPhase;
			buildActionMask = 2147483647;
			files = (
				7F29D3BB2337E63F00E3C9D6 /* DrinkVC.swift in Sources */,
				7F29D3A72337E37900E3C9D6 /* AppDelegate.swift in Sources */,
				7F29D3B92337E63100E3C9D6 /* FoodVC.swift in Sources */,
			);
			runOnlyForDeploymentPostprocessing = 0;
		};
/* End PBXSourcesBuildPhase section */

/* Begin PBXVariantGroup section */
		7F29D3AA2337E37900E3C9D6 /* Main.storyboard */ = {
			isa = PBXVariantGroup;
			children = (
				7F29D3AB2337E37900E3C9D6 /* Base */,
			);
			name = Main.storyboard;
			sourceTree = "<group>";
		};
		7F29D3AF2337E37900E3C9D6 /* LaunchScreen.storyboard */ = {
			isa = PBXVariantGroup;
			children = (
				7F29D3B02337E37900E3C9D6 /* Base */,
			);
			name = LaunchScreen.storyboard;
			sourceTree = "<group>";
		};
/* End PBXVariantGroup section */

/* Begin XCBuildConfiguration section */
		7F29D3B32337E37900E3C9D6 /* Debug */ = {
			isa = XCBuildConfiguration;
			buildSettings = {
				ALWAYS_SEARCH_USER_PATHS = NO;
				CLANG_ANALYZER_NONNULL = YES;
				CLANG_ANALYZER_NUMBER_OBJECT_CONVERSION = YES_AGGRESSIVE;
				CLANG_CXX_LANGUAGE_STANDARD = "gnu++14";
				CLANG_CXX_LIBRARY = "libc++";
				CLANG_ENABLE_MODULES = YES;
				CLANG_ENABLE_OBJC_ARC = YES;
				CLANG_ENABLE_OBJC_WEAK = YES;
				CLANG_WARN_BLOCK_CAPTURE_AUTORELEASING = YES;
				CLANG_WARN_BOOL_CONVERSION = YES;
				CLANG_WARN_COMMA = YES;
				CLANG_WARN_CONSTANT_CONVERSION = YES;
				CLANG_WARN_DEPRECATED_OBJC_IMPLEMENTATIONS = YES;
				CLANG_WARN_DIRECT_OBJC_ISA_USAGE = YES_ERROR;
				CLANG_WARN_DOCUMENTATION_COMMENTS = YES;
				CLANG_WARN_EMPTY_BODY = YES;
				CLANG_WARN_ENUM_CONVERSION = YES;
				CLANG_WARN_INFINITE_RECURSION = YES;
				CLANG_WARN_INT_CONVERSION = YES;
				CLANG_WARN_NON_LITERAL_NULL_CONVERSION = YES;
				CLANG_WARN_OBJC_IMPLICIT_RETAIN_SELF = YES;
				CLANG_WARN_OBJC_LITERAL_CONVERSION = YES;
				CLANG_WARN_OBJC_ROOT_CLASS = YES_ERROR;
				CLANG_WARN_RANGE_LOOP_ANALYSIS = YES;
				CLANG_WARN_STRICT_PROTOTYPES = YES;
				CLANG_WARN_SUSPICIOUS_MOVE = YES;
				CLANG_WARN_UNGUARDED_AVAILABILITY = YES_AGGRESSIVE;
				CLANG_WARN_UNREACHABLE_CODE = YES;
				CLANG_WARN__DUPLICATE_METHOD_MATCH = YES;
				CODE_SIGN_IDENTITY = "iPhone Developer";
				COPY_PHASE_STRIP = NO;
				DEBUG_INFORMATION_FORMAT = dwarf;
				ENABLE_STRICT_OBJC_MSGSEND = YES;
				ENABLE_TESTABILITY = YES;
				GCC_C_LANGUAGE_STANDARD = gnu11;
				GCC_DYNAMIC_NO_PIC = NO;
				GCC_NO_COMMON_BLOCKS = YES;
				GCC_OPTIMIZATION_LEVEL = 0;
				GCC_PREPROCESSOR_DEFINITIONS = (
					"DEBUG=1",
					"$(inherited)",
				);
				GCC_WARN_64_TO_32_BIT_CONVERSION = YES;
				GCC_WARN_ABOUT_RETURN_TYPE = YES_ERROR;
				GCC_WARN_UNDECLARED_SELECTOR = YES;
				GCC_WARN_UNINITIALIZED_AUTOS = YES_AGGRESSIVE;
				GCC_WARN_UNUSED_FUNCTION = YES;
				GCC_WARN_UNUSED_VARIABLE = YES;
				IPHONEOS_DEPLOYMENT_TARGET = 12.4;
				MTL_ENABLE_DEBUG_INFO = INCLUDE_SOURCE;
				MTL_FAST_MATH = YES;
				ONLY_ACTIVE_ARCH = YES;
				SDKROOT = iphoneos;
				SWIFT_ACTIVE_COMPILATION_CONDITIONS = DEBUG;
				SWIFT_OPTIMIZATION_LEVEL = "-Onone";
			};
			name = Debug;
		};
		7F29D3B42337E37900E3C9D6 /* Release */ = {
			isa = XCBuildConfiguration;
			buildSettings = {
				ALWAYS_SEARCH_USER_PATHS = NO;
				CLANG_ANALYZER_NONNULL = YES;
				CLANG_ANALYZER_NUMBER_OBJECT_CONVERSION = YES_AGGRESSIVE;
				CLANG_CXX_LANGUAGE_STANDARD = "gnu++14";
				CLANG_CXX_LIBRARY = "libc++";
				CLANG_ENABLE_MODULES = YES;
				CLANG_ENABLE_OBJC_ARC = YES;
				CLANG_ENABLE_OBJC_WEAK = YES;
				CLANG_WARN_BLOCK_CAPTURE_AUTORELEASING = YES;
				CLANG_WARN_BOOL_CONVERSION = YES;
				CLANG_WARN_COMMA = YES;
				CLANG_WARN_CONSTANT_CONVERSION = YES;
				CLANG_WARN_DEPRECATED_OBJC_IMPLEMENTATIONS = YES;
				CLANG_WARN_DIRECT_OBJC_ISA_USAGE = YES_ERROR;
				CLANG_WARN_DOCUMENTATION_COMMENTS = YES;
				CLANG_WARN_EMPTY_BODY = YES;
				CLANG_WARN_ENUM_CONVERSION = YES;
				CLANG_WARN_INFINITE_RECURSION = YES;
				CLANG_WARN_INT_CONVERSION = YES;
				CLANG_WARN_NON_LITERAL_NULL_CONVERSION = YES;
				CLANG_WARN_OBJC_IMPLICIT_RETAIN_SELF = YES;
				CLANG_WARN_OBJC_LITERAL_CONVERSION = YES;
				CLANG_WARN_OBJC_ROOT_CLASS = YES_ERROR;
				CLANG_WARN_RANGE_LOOP_ANALYSIS = YES;
				CLANG_WARN_STRICT_PROTOTYPES = YES;
				CLANG_WARN_SUSPICIOUS_MOVE = YES;
				CLANG_WARN_UNGUARDED_AVAILABILITY = YES_AGGRESSIVE;
				CLANG_WARN_UNREACHABLE_CODE = YES;
				CLANG_WARN__DUPLICATE_METHOD_MATCH = YES;
				CODE_SIGN_IDENTITY = "iPhone Developer";
				COPY_PHASE_STRIP = NO;
				DEBUG_INFORMATION_FORMAT = "dwarf-with-dsym";
				ENABLE_NS_ASSERTIONS = NO;
				ENABLE_STRICT_OBJC_MSGSEND = YES;
				GCC_C_LANGUAGE_STANDARD = gnu11;
				GCC_NO_COMMON_BLOCKS = YES;
				GCC_WARN_64_TO_32_BIT_CONVERSION = YES;
				GCC_WARN_ABOUT_RETURN_TYPE = YES_ERROR;
				GCC_WARN_UNDECLARED_SELECTOR = YES;
				GCC_WARN_UNINITIALIZED_AUTOS = YES_AGGRESSIVE;
				GCC_WARN_UNUSED_FUNCTION = YES;
				GCC_WARN_UNUSED_VARIABLE = YES;
				IPHONEOS_DEPLOYMENT_TARGET = 12.4;
				MTL_ENABLE_DEBUG_INFO = NO;
				MTL_FAST_MATH = YES;
				SDKROOT = iphoneos;
				SWIFT_COMPILATION_MODE = wholemodule;
				SWIFT_OPTIMIZATION_LEVEL = "-O";
				VALIDATE_PRODUCT = YES;
			};
			name = Release;
		};
		7F29D3B62337E37900E3C9D6 /* Debug */ = {
			isa = XCBuildConfiguration;
			buildSettings = {
				ASSETCATALOG_COMPILER_APPICON_NAME = AppIcon;
				CODE_SIGN_STYLE = Automatic;
				DEVELOPMENT_TEAM = 8F79766NTH;
				INFOPLIST_FILE = UnwindSegueLearning/Info.plist;
				LD_RUNPATH_SEARCH_PATHS = (
					"$(inherited)",
					"@executable_path/Frameworks",
				);
				PRODUCT_BUNDLE_IDENTIFIER = com.arnoldtjiawi.UnwindSegueLearning;
				PRODUCT_NAME = "$(TARGET_NAME)";
				SWIFT_VERSION = 5.0;
				TARGETED_DEVICE_FAMILY = "1,2";
			};
			name = Debug;
		};
		7F29D3B72337E37900E3C9D6 /* Release */ = {
			isa = XCBuildConfiguration;
			buildSettings = {
				ASSETCATALOG_COMPILER_APPICON_NAME = AppIcon;
				CODE_SIGN_STYLE = Automatic;
				DEVELOPMENT_TEAM = 8F79766NTH;
				INFOPLIST_FILE = UnwindSegueLearning/Info.plist;
				LD_RUNPATH_SEARCH_PATHS = (
					"$(inherited)",
					"@executable_path/Frameworks",
				);
				PRODUCT_BUNDLE_IDENTIFIER = com.arnoldtjiawi.UnwindSegueLearning;
				PRODUCT_NAME = "$(TARGET_NAME)";
				SWIFT_VERSION = 5.0;
				TARGETED_DEVICE_FAMILY = "1,2";
			};
			name = Release;
		};
/* End XCBuildConfiguration section */

/* Begin XCConfigurationList section */
		7F29D39E2337E37900E3C9D6 /* Build configuration list for PBXProject "UnwindSegueLearning" */ = {
			isa = XCConfigurationList;
			buildConfigurations = (
				7F29D3B32337E37900E3C9D6 /* Debug */,
				7F29D3B42337E37900E3C9D6 /* Release */,
			);
			defaultConfigurationIsVisible = 0;
			defaultConfigurationName = Release;
		};
		7F29D3B52337E37900E3C9D6 /* Build configuration list for PBXNativeTarget "UnwindSegueLearning" */ = {
			isa = XCConfigurationList;
			buildConfigurations = (
				7F29D3B62337E37900E3C9D6 /* Debug */,
				7F29D3B72337E37900E3C9D6 /* Release */,
			);
			defaultConfigurationIsVisible = 0;
			defaultConfigurationName = Release;
		};
/* End XCConfigurationList section */
	};
	rootObject = 7F29D39B2337E37900E3C9D6 /* Project object */;
}
